// !$*UTF8*$!
{
	archiveVersion = 1;
	classes = {
	};
	objectVersion = 46;
	objects = {

/* Begin PBXBuildFile section */
		2A0A50CD1A3EEEF900D7750C /* ChatViewController.m in Sources */ = {isa = PBXBuildFile; fileRef = 2A0A50CC1A3EEEF900D7750C /* ChatViewController.m */; };
		2A0B3EDF1A331BAB004E36DA /* SettingsViewController.m in Sources */ = {isa = PBXBuildFile; fileRef = 2A0B3EDE1A331BAB004E36DA /* SettingsViewController.m */; };
		2A0B3EE41A3326DF004E36DA /* EditProfileViewController.m in Sources */ = {isa = PBXBuildFile; fileRef = 2A0B3EE31A3326DF004E36DA /* EditProfileViewController.m */; };
		2A44CC621A534BA900157BCC /* Facebook.png in Resources */ = {isa = PBXBuildFile; fileRef = 2A44CC5E1A534BA900157BCC /* Facebook.png */; };
		2A44CC631A534BA900157BCC /* Facebook@2x.png in Resources */ = {isa = PBXBuildFile; fileRef = 2A44CC5F1A534BA900157BCC /* Facebook@2x.png */; };
		2A44CC641A534BA900157BCC /* Logo.png in Resources */ = {isa = PBXBuildFile; fileRef = 2A44CC601A534BA900157BCC /* Logo.png */; };
		2A44CC651A534BA900157BCC /* Logo@2x.png in Resources */ = {isa = PBXBuildFile; fileRef = 2A44CC611A534BA900157BCC /* Logo@2x.png */; };
		2A44CC7B1A534FB800157BCC /* BG.png in Resources */ = {isa = PBXBuildFile; fileRef = 2A44CC671A534FB800157BCC /* BG.png */; };
		2A44CC7C1A534FB800157BCC /* BG@2x.png in Resources */ = {isa = PBXBuildFile; fileRef = 2A44CC681A534FB800157BCC /* BG@2x.png */; };
		2A44CC7D1A534FB800157BCC /* ChatIcon.png in Resources */ = {isa = PBXBuildFile; fileRef = 2A44CC691A534FB800157BCC /* ChatIcon.png */; };
		2A44CC7E1A534FB800157BCC /* ChatIcon@2x.png in Resources */ = {isa = PBXBuildFile; fileRef = 2A44CC6A1A534FB800157BCC /* ChatIcon@2x.png */; };
		2A44CC7F1A534FB800157BCC /* DislikeIcon.png in Resources */ = {isa = PBXBuildFile; fileRef = 2A44CC6B1A534FB800157BCC /* DislikeIcon.png */; };
		2A44CC801A534FB800157BCC /* DislikeIcon@2x.png in Resources */ = {isa = PBXBuildFile; fileRef = 2A44CC6C1A534FB800157BCC /* DislikeIcon@2x.png */; };
		2A44CC811A534FB800157BCC /* InfoIcon.png in Resources */ = {isa = PBXBuildFile; fileRef = 2A44CC6D1A534FB800157BCC /* InfoIcon.png */; };
		2A44CC821A534FB800157BCC /* InfoIcon@2x.png in Resources */ = {isa = PBXBuildFile; fileRef = 2A44CC6E1A534FB800157BCC /* InfoIcon@2x.png */; };
		2A44CC831A534FB800157BCC /* LikeIcon.png in Resources */ = {isa = PBXBuildFile; fileRef = 2A44CC6F1A534FB800157BCC /* LikeIcon.png */; };
		2A44CC841A534FB800157BCC /* LikeIcon@2x.png in Resources */ = {isa = PBXBuildFile; fileRef = 2A44CC701A534FB800157BCC /* LikeIcon@2x.png */; };
		2A44CC851A534FB800157BCC /* Matched-Up.png in Resources */ = {isa = PBXBuildFile; fileRef = 2A44CC711A534FB800157BCC /* Matched-Up.png */; };
		2A44CC861A534FB800157BCC /* Matched-Up@2x.png in Resources */ = {isa = PBXBuildFile; fileRef = 2A44CC721A534FB800157BCC /* Matched-Up@2x.png */; };
		2A44CC871A534FB800157BCC /* SettingIcon.png in Resources */ = {isa = PBXBuildFile; fileRef = 2A44CC731A534FB800157BCC /* SettingIcon.png */; };
		2A44CC881A534FB800157BCC /* SettingIcon@2x.png in Resources */ = {isa = PBXBuildFile; fileRef = 2A44CC741A534FB800157BCC /* SettingIcon@2x.png */; };
		2A44CC891A534FB800157BCC /* Top_NavBG.png in Resources */ = {isa = PBXBuildFile; fileRef = 2A44CC751A534FB800157BCC /* Top_NavBG.png */; };
		2A44CC8A1A534FB800157BCC /* Top_NavBG@2x.png in Resources */ = {isa = PBXBuildFile; fileRef = 2A44CC761A534FB800157BCC /* Top_NavBG@2x.png */; };
		2A44CC8B1A534FB800157BCC /* User_Image.png in Resources */ = {isa = PBXBuildFile; fileRef = 2A44CC771A534FB800157BCC /* User_Image.png */; };
		2A44CC8C1A534FB800157BCC /* User_Image@2x.png in Resources */ = {isa = PBXBuildFile; fileRef = 2A44CC781A534FB800157BCC /* User_Image@2x.png */; };
		2A44CC8D1A534FB800157BCC /* VP_BG.png in Resources */ = {isa = PBXBuildFile; fileRef = 2A44CC791A534FB800157BCC /* VP_BG.png */; };
		2A44CC8E1A534FB800157BCC /* VP_BG@2x.png in Resources */ = {isa = PBXBuildFile; fileRef = 2A44CC7A1A534FB800157BCC /* VP_BG@2x.png */; };
		2A580D081A33766800AB2E74 /* ProfileViewController.m in Sources */ = {isa = PBXBuildFile; fileRef = 2A580D071A33766800AB2E74 /* ProfileViewController.m */; };
		2A580D0A1A33774500AB2E74 /* user.png in Resources */ = {isa = PBXBuildFile; fileRef = 2A580D091A33774500AB2E74 /* user.png */; };
		2A6CA1A41A52E72F00364F1B /* Icon-60@2x.png in Resources */ = {isa = PBXBuildFile; fileRef = 2A6CA1A31A52E72F00364F1B /* Icon-60@2x.png */; };
		2A82AA071A3DEF0C0059E956 /* MatchViewController.m in Sources */ = {isa = PBXBuildFile; fileRef = 2A82AA061A3DEF0C0059E956 /* MatchViewController.m */; };
		2A82AA0B1A3DFA2B0059E956 /* MatchesViewController.m in Sources */ = {isa = PBXBuildFile; fileRef = 2A82AA0A1A3DFA2B0059E956 /* MatchesViewController.m */; };
		2A93F1001A54110000632382 /* About_BG.png in Resources */ = {isa = PBXBuildFile; fileRef = 2A93F0E41A54110000632382 /* About_BG.png */; };
		2A93F1011A54110000632382 /* About_BG@2x.png in Resources */ = {isa = PBXBuildFile; fileRef = 2A93F0E51A54110000632382 /* About_BG@2x.png */; };
		2A93F1021A54110000632382 /* AgeIcon.png in Resources */ = {isa = PBXBuildFile; fileRef = 2A93F0E61A54110000632382 /* AgeIcon.png */; };
		2A93F1031A54110000632382 /* AgeIcon@2x.png in Resources */ = {isa = PBXBuildFile; fileRef = 2A93F0E71A54110000632382 /* AgeIcon@2x.png */; };
		2A93F10E1A54110000632382 /* location.png in Resources */ = {isa = PBXBuildFile; fileRef = 2A93F0F21A54110000632382 /* location.png */; };
		2A93F10F1A54110000632382 /* location@2x.png in Resources */ = {isa = PBXBuildFile; fileRef = 2A93F0F31A54110000632382 /* location@2x.png */; };
		2A93F1101A54110000632382 /* NameAgeStatusBar.png in Resources */ = {isa = PBXBuildFile; fileRef = 2A93F0F41A54110000632382 /* NameAgeStatusBar.png */; };
		2A93F1111A54110000632382 /* NameAgeStatusBar@2x.png in Resources */ = {isa = PBXBuildFile; fileRef = 2A93F0F51A54110000632382 /* NameAgeStatusBar@2x.png */; };
		2A93F1141A54110000632382 /* Single.png in Resources */ = {isa = PBXBuildFile; fileRef = 2A93F0F81A54110000632382 /* Single.png */; };
		2A93F1151A54110000632382 /* Single@2x.png in Resources */ = {isa = PBXBuildFile; fileRef = 2A93F0F91A54110000632382 /* Single@2x.png */; };
		2A93F1161A54110000632382 /* StatusIcon.png in Resources */ = {isa = PBXBuildFile; fileRef = 2A93F0FA1A54110000632382 /* StatusIcon.png */; };
		2A93F1171A54110000632382 /* StatusIcon@2x.png in Resources */ = {isa = PBXBuildFile; fileRef = 2A93F0FB1A54110000632382 /* StatusIcon@2x.png */; };
		2A93F1181A54110000632382 /* UserImage.png in Resources */ = {isa = PBXBuildFile; fileRef = 2A93F0FC1A54110000632382 /* UserImage.png */; };
		2A93F1191A54110000632382 /* UserImage@2x.png in Resources */ = {isa = PBXBuildFile; fileRef = 2A93F0FD1A54110000632382 /* UserImage@2x.png */; };
		2A9DC4631A2E0B6400C39E7A /* Constants.m in Sources */ = {isa = PBXBuildFile; fileRef = 2A9DC4621A2E0B6400C39E7A /* Constants.m */; };
		2AAD661E1A55999100C26643 /* back-icon.png in Resources */ = {isa = PBXBuildFile; fileRef = 2AAD66121A55999100C26643 /* back-icon.png */; };
		2AAD661F1A55999100C26643 /* back-icon@2x.png in Resources */ = {isa = PBXBuildFile; fileRef = 2AAD66131A55999100C26643 /* back-icon@2x.png */; };
		2AAD66221A55999100C26643 /* Chat_user.png in Resources */ = {isa = PBXBuildFile; fileRef = 2AAD66161A55999100C26643 /* Chat_user.png */; };
		2AAD66231A55999100C26643 /* Chat_user@2x.png in Resources */ = {isa = PBXBuildFile; fileRef = 2AAD66171A55999100C26643 /* Chat_user@2x.png */; };
		2AAD66241A55999100C26643 /* menu-icon.png in Resources */ = {isa = PBXBuildFile; fileRef = 2AAD66181A55999100C26643 /* menu-icon.png */; };
		2AAD66251A55999100C26643 /* menu-icon@2x.png in Resources */ = {isa = PBXBuildFile; fileRef = 2AAD66191A55999100C26643 /* menu-icon@2x.png */; };
		2AAD663D1A559F0E00C26643 /* EditProfile.png in Resources */ = {isa = PBXBuildFile; fileRef = 2AAD662F1A559F0E00C26643 /* EditProfile.png */; };
		2AAD663E1A559F0E00C26643 /* EditProfile@2x.png in Resources */ = {isa = PBXBuildFile; fileRef = 2AAD66301A559F0E00C26643 /* EditProfile@2x.png */; };
		2AAD663F1A559F0E00C26643 /* Logout.png in Resources */ = {isa = PBXBuildFile; fileRef = 2AAD66311A559F0E00C26643 /* Logout.png */; };
		2AAD66401A559F0E00C26643 /* Logout@2x.png in Resources */ = {isa = PBXBuildFile; fileRef = 2AAD66321A559F0E00C26643 /* Logout@2x.png */; };
		2AE2BE2D1A51F07F009E5723 /* defaultPrefsFile.plist in Resources */ = {isa = PBXBuildFile; fileRef = 2AE2BE2C1A51F07F009E5723 /* defaultPrefsFile.plist */; };
		2AF07DF21A31F2C900544B5B /* HomeViewController.m in Sources */ = {isa = PBXBuildFile; fileRef = 2AF07DF11A31F2C900544B5B /* HomeViewController.m */; };
		2AF8E2E11A35B7C700ACA482 /* TestUser.m in Sources */ = {isa = PBXBuildFile; fileRef = 2AF8E2E01A35B7C700ACA482 /* TestUser.m */; };
		2AF8E2E31A35C0BD00ACA482 /* user1.jpg in Resources */ = {isa = PBXBuildFile; fileRef = 2AF8E2E21A35C0BD00ACA482 /* user1.jpg */; };
		CB4EEFD32F7BAF636A164103 /* libPods.a in Frameworks */ = {isa = PBXBuildFile; fileRef = 8712E95859E1AA5FBCE41DC8 /* libPods.a */; };
		FA9E54D31A2A159A00EA3646 /* main.m in Sources */ = {isa = PBXBuildFile; fileRef = FA9E54D21A2A159A00EA3646 /* main.m */; };
		FA9E54D61A2A159A00EA3646 /* AppDelegate.m in Sources */ = {isa = PBXBuildFile; fileRef = FA9E54D51A2A159A00EA3646 /* AppDelegate.m */; };
		FA9E54DF1A2A159A00EA3646 /* Main.storyboard in Resources */ = {isa = PBXBuildFile; fileRef = FA9E54DD1A2A159A00EA3646 /* Main.storyboard */; };
		FA9E54E11A2A159A00EA3646 /* Images.xcassets in Resources */ = {isa = PBXBuildFile; fileRef = FA9E54E01A2A159A00EA3646 /* Images.xcassets */; };
		FA9E54E41A2A159A00EA3646 /* LaunchScreen.xib in Resources */ = {isa = PBXBuildFile; fileRef = FA9E54E21A2A159A00EA3646 /* LaunchScreen.xib */; };
		FA9E54F01A2A159A00EA3646 /* Matched_UpTests.m in Sources */ = {isa = PBXBuildFile; fileRef = FA9E54EF1A2A159A00EA3646 /* Matched_UpTests.m */; };
		FA9E54FB1A2A2DD700EA3646 /* LoginViewController.m in Sources */ = {isa = PBXBuildFile; fileRef = FA9E54FA1A2A2DD700EA3646 /* LoginViewController.m */; };
/* End PBXBuildFile section */

/* Begin PBXContainerItemProxy section */
		FA9E54EA1A2A159A00EA3646 /* PBXContainerItemProxy */ = {
			isa = PBXContainerItemProxy;
			containerPortal = FA9E54C51A2A159A00EA3646 /* Project object */;
			proxyType = 1;
			remoteGlobalIDString = FA9E54CC1A2A159A00EA3646;
			remoteInfo = "Matched Up";
		};
/* End PBXContainerItemProxy section */

/* Begin PBXFileReference section */
		177E5E360903F2679CE4BEAE /* Pods.debug.xcconfig */ = {isa = PBXFileReference; includeInIndex = 1; lastKnownFileType = text.xcconfig; name = Pods.debug.xcconfig; path = "Pods/Target Support Files/Pods/Pods.debug.xcconfig"; sourceTree = "<group>"; };
		2A0A50CB1A3EEEF900D7750C /* ChatViewController.h */ = {isa = PBXFileReference; fileEncoding = 4; lastKnownFileType = sourcecode.c.h; path = ChatViewController.h; sourceTree = "<group>"; };
		2A0A50CC1A3EEEF900D7750C /* ChatViewController.m */ = {isa = PBXFileReference; fileEncoding = 4; lastKnownFileType = sourcecode.c.objc; path = ChatViewController.m; sourceTree = "<group>"; };
		2A0B3EDD1A331BAB004E36DA /* SettingsViewController.h */ = {isa = PBXFileReference; fileEncoding = 4; lastKnownFileType = sourcecode.c.h; path = SettingsViewController.h; sourceTree = "<group>"; };
		2A0B3EDE1A331BAB004E36DA /* SettingsViewController.m */ = {isa = PBXFileReference; fileEncoding = 4; lastKnownFileType = sourcecode.c.objc; path = SettingsViewController.m; sourceTree = "<group>"; };
		2A0B3EE21A3326DF004E36DA /* EditProfileViewController.h */ = {isa = PBXFileReference; fileEncoding = 4; lastKnownFileType = sourcecode.c.h; path = EditProfileViewController.h; sourceTree = "<group>"; };
		2A0B3EE31A3326DF004E36DA /* EditProfileViewController.m */ = {isa = PBXFileReference; fileEncoding = 4; lastKnownFileType = sourcecode.c.objc; path = EditProfileViewController.m; sourceTree = "<group>"; };
		2A44CC5E1A534BA900157BCC /* Facebook.png */ = {isa = PBXFileReference; lastKnownFileType = image.png; path = Facebook.png; sourceTree = "<group>"; };
		2A44CC5F1A534BA900157BCC /* Facebook@2x.png */ = {isa = PBXFileReference; lastKnownFileType = image.png; path = "Facebook@2x.png"; sourceTree = "<group>"; };
		2A44CC601A534BA900157BCC /* Logo.png */ = {isa = PBXFileReference; lastKnownFileType = image.png; path = Logo.png; sourceTree = "<group>"; };
		2A44CC611A534BA900157BCC /* Logo@2x.png */ = {isa = PBXFileReference; lastKnownFileType = image.png; path = "Logo@2x.png"; sourceTree = "<group>"; };
		2A44CC671A534FB800157BCC /* BG.png */ = {isa = PBXFileReference; lastKnownFileType = image.png; path = BG.png; sourceTree = "<group>"; };
		2A44CC681A534FB800157BCC /* BG@2x.png */ = {isa = PBXFileReference; lastKnownFileType = image.png; path = "BG@2x.png"; sourceTree = "<group>"; };
		2A44CC691A534FB800157BCC /* ChatIcon.png */ = {isa = PBXFileReference; lastKnownFileType = image.png; path = ChatIcon.png; sourceTree = "<group>"; };
		2A44CC6A1A534FB800157BCC /* ChatIcon@2x.png */ = {isa = PBXFileReference; lastKnownFileType = image.png; path = "ChatIcon@2x.png"; sourceTree = "<group>"; };
		2A44CC6B1A534FB800157BCC /* DislikeIcon.png */ = {isa = PBXFileReference; lastKnownFileType = image.png; path = DislikeIcon.png; sourceTree = "<group>"; };
		2A44CC6C1A534FB800157BCC /* DislikeIcon@2x.png */ = {isa = PBXFileReference; lastKnownFileType = image.png; path = "DislikeIcon@2x.png"; sourceTree = "<group>"; };
		2A44CC6D1A534FB800157BCC /* InfoIcon.png */ = {isa = PBXFileReference; lastKnownFileType = image.png; path = InfoIcon.png; sourceTree = "<group>"; };
		2A44CC6E1A534FB800157BCC /* InfoIcon@2x.png */ = {isa = PBXFileReference; lastKnownFileType = image.png; path = "InfoIcon@2x.png"; sourceTree = "<group>"; };
		2A44CC6F1A534FB800157BCC /* LikeIcon.png */ = {isa = PBXFileReference; lastKnownFileType = image.png; path = LikeIcon.png; sourceTree = "<group>"; };
		2A44CC701A534FB800157BCC /* LikeIcon@2x.png */ = {isa = PBXFileReference; lastKnownFileType = image.png; path = "LikeIcon@2x.png"; sourceTree = "<group>"; };
		2A44CC711A534FB800157BCC /* Matched-Up.png */ = {isa = PBXFileReference; lastKnownFileType = image.png; path = "Matched-Up.png"; sourceTree = "<group>"; };
		2A44CC721A534FB800157BCC /* Matched-Up@2x.png */ = {isa = PBXFileReference; lastKnownFileType = image.png; path = "Matched-Up@2x.png"; sourceTree = "<group>"; };
		2A44CC731A534FB800157BCC /* SettingIcon.png */ = {isa = PBXFileReference; lastKnownFileType = image.png; path = SettingIcon.png; sourceTree = "<group>"; };
		2A44CC741A534FB800157BCC /* SettingIcon@2x.png */ = {isa = PBXFileReference; lastKnownFileType = image.png; path = "SettingIcon@2x.png"; sourceTree = "<group>"; };
		2A44CC751A534FB800157BCC /* Top_NavBG.png */ = {isa = PBXFileReference; lastKnownFileType = image.png; path = Top_NavBG.png; sourceTree = "<group>"; };
		2A44CC761A534FB800157BCC /* Top_NavBG@2x.png */ = {isa = PBXFileReference; lastKnownFileType = image.png; path = "Top_NavBG@2x.png"; sourceTree = "<group>"; };
		2A44CC771A534FB800157BCC /* User_Image.png */ = {isa = PBXFileReference; lastKnownFileType = image.png; path = User_Image.png; sourceTree = "<group>"; };
		2A44CC781A534FB800157BCC /* User_Image@2x.png */ = {isa = PBXFileReference; lastKnownFileType = image.png; path = "User_Image@2x.png"; sourceTree = "<group>"; };
		2A44CC791A534FB800157BCC /* VP_BG.png */ = {isa = PBXFileReference; lastKnownFileType = image.png; path = VP_BG.png; sourceTree = "<group>"; };
		2A44CC7A1A534FB800157BCC /* VP_BG@2x.png */ = {isa = PBXFileReference; lastKnownFileType = image.png; path = "VP_BG@2x.png"; sourceTree = "<group>"; };
		2A580D061A33766800AB2E74 /* ProfileViewController.h */ = {isa = PBXFileReference; fileEncoding = 4; lastKnownFileType = sourcecode.c.h; path = ProfileViewController.h; sourceTree = "<group>"; };
		2A580D071A33766800AB2E74 /* ProfileViewController.m */ = {isa = PBXFileReference; fileEncoding = 4; lastKnownFileType = sourcecode.c.objc; path = ProfileViewController.m; sourceTree = "<group>"; };
		2A580D091A33774500AB2E74 /* user.png */ = {isa = PBXFileReference; lastKnownFileType = image.png; path = user.png; sourceTree = "<group>"; };
		2A6CA1A31A52E72F00364F1B /* Icon-60@2x.png */ = {isa = PBXFileReference; lastKnownFileType = image.png; path = "Icon-60@2x.png"; sourceTree = "<group>"; };
		2A82AA051A3DEF0C0059E956 /* MatchViewController.h */ = {isa = PBXFileReference; fileEncoding = 4; lastKnownFileType = sourcecode.c.h; path = MatchViewController.h; sourceTree = "<group>"; };
		2A82AA061A3DEF0C0059E956 /* MatchViewController.m */ = {isa = PBXFileReference; fileEncoding = 4; lastKnownFileType = sourcecode.c.objc; path = MatchViewController.m; sourceTree = "<group>"; };
		2A82AA091A3DFA2B0059E956 /* MatchesViewController.h */ = {isa = PBXFileReference; fileEncoding = 4; lastKnownFileType = sourcecode.c.h; path = MatchesViewController.h; sourceTree = "<group>"; };
		2A82AA0A1A3DFA2B0059E956 /* MatchesViewController.m */ = {isa = PBXFileReference; fileEncoding = 4; lastKnownFileType = sourcecode.c.objc; path = MatchesViewController.m; sourceTree = "<group>"; };
		2A93F0E41A54110000632382 /* About_BG.png */ = {isa = PBXFileReference; lastKnownFileType = image.png; path = About_BG.png; sourceTree = "<group>"; };
		2A93F0E51A54110000632382 /* About_BG@2x.png */ = {isa = PBXFileReference; lastKnownFileType = image.png; path = "About_BG@2x.png"; sourceTree = "<group>"; };
		2A93F0E61A54110000632382 /* AgeIcon.png */ = {isa = PBXFileReference; lastKnownFileType = image.png; path = AgeIcon.png; sourceTree = "<group>"; };
		2A93F0E71A54110000632382 /* AgeIcon@2x.png */ = {isa = PBXFileReference; lastKnownFileType = image.png; path = "AgeIcon@2x.png"; sourceTree = "<group>"; };
		2A93F0F21A54110000632382 /* location.png */ = {isa = PBXFileReference; lastKnownFileType = image.png; path = location.png; sourceTree = "<group>"; };
		2A93F0F31A54110000632382 /* location@2x.png */ = {isa = PBXFileReference; lastKnownFileType = image.png; path = "location@2x.png"; sourceTree = "<group>"; };
		2A93F0F41A54110000632382 /* NameAgeStatusBar.png */ = {isa = PBXFileReference; lastKnownFileType = image.png; path = NameAgeStatusBar.png; sourceTree = "<group>"; };
		2A93F0F51A54110000632382 /* NameAgeStatusBar@2x.png */ = {isa = PBXFileReference; lastKnownFileType = image.png; path = "NameAgeStatusBar@2x.png"; sourceTree = "<group>"; };
		2A93F0F81A54110000632382 /* Single.png */ = {isa = PBXFileReference; lastKnownFileType = image.png; path = Single.png; sourceTree = "<group>"; };
		2A93F0F91A54110000632382 /* Single@2x.png */ = {isa = PBXFileReference; lastKnownFileType = image.png; path = "Single@2x.png"; sourceTree = "<group>"; };
		2A93F0FA1A54110000632382 /* StatusIcon.png */ = {isa = PBXFileReference; lastKnownFileType = image.png; path = StatusIcon.png; sourceTree = "<group>"; };
		2A93F0FB1A54110000632382 /* StatusIcon@2x.png */ = {isa = PBXFileReference; lastKnownFileType = image.png; path = "StatusIcon@2x.png"; sourceTree = "<group>"; };
		2A93F0FC1A54110000632382 /* UserImage.png */ = {isa = PBXFileReference; lastKnownFileType = image.png; path = UserImage.png; sourceTree = "<group>"; };
		2A93F0FD1A54110000632382 /* UserImage@2x.png */ = {isa = PBXFileReference; lastKnownFileType = image.png; path = "UserImage@2x.png"; sourceTree = "<group>"; };
		2A9DC4611A2E0B6400C39E7A /* Constants.h */ = {isa = PBXFileReference; fileEncoding = 4; lastKnownFileType = sourcecode.c.h; path = Constants.h; sourceTree = "<group>"; };
		2A9DC4621A2E0B6400C39E7A /* Constants.m */ = {isa = PBXFileReference; fileEncoding = 4; lastKnownFileType = sourcecode.c.objc; path = Constants.m; sourceTree = "<group>"; };
		2AAD66121A55999100C26643 /* back-icon.png */ = {isa = PBXFileReference; lastKnownFileType = image.png; path = "back-icon.png"; sourceTree = "<group>"; };
		2AAD66131A55999100C26643 /* back-icon@2x.png */ = {isa = PBXFileReference; lastKnownFileType = image.png; path = "back-icon@2x.png"; sourceTree = "<group>"; };
		2AAD66161A55999100C26643 /* Chat_user.png */ = {isa = PBXFileReference; lastKnownFileType = image.png; path = Chat_user.png; sourceTree = "<group>"; };
		2AAD66171A55999100C26643 /* Chat_user@2x.png */ = {isa = PBXFileReference; lastKnownFileType = image.png; path = "Chat_user@2x.png"; sourceTree = "<group>"; };
		2AAD66181A55999100C26643 /* menu-icon.png */ = {isa = PBXFileReference; lastKnownFileType = image.png; path = "menu-icon.png"; sourceTree = "<group>"; };
		2AAD66191A55999100C26643 /* menu-icon@2x.png */ = {isa = PBXFileReference; lastKnownFileType = image.png; path = "menu-icon@2x.png"; sourceTree = "<group>"; };
		2AAD662F1A559F0E00C26643 /* EditProfile.png */ = {isa = PBXFileReference; lastKnownFileType = image.png; path = EditProfile.png; sourceTree = "<group>"; };
		2AAD66301A559F0E00C26643 /* EditProfile@2x.png */ = {isa = PBXFileReference; lastKnownFileType = image.png; path = "EditProfile@2x.png"; sourceTree = "<group>"; };
		2AAD66311A559F0E00C26643 /* Logout.png */ = {isa = PBXFileReference; lastKnownFileType = image.png; path = Logout.png; sourceTree = "<group>"; };
		2AAD66321A559F0E00C26643 /* Logout@2x.png */ = {isa = PBXFileReference; lastKnownFileType = image.png; path = "Logout@2x.png"; sourceTree = "<group>"; };
		2AE2BE2C1A51F07F009E5723 /* defaultPrefsFile.plist */ = {isa = PBXFileReference; fileEncoding = 4; lastKnownFileType = text.plist.xml; path = defaultPrefsFile.plist; sourceTree = "<group>"; };
		2AF07DF01A31F2C900544B5B /* HomeViewController.h */ = {isa = PBXFileReference; fileEncoding = 4; lastKnownFileType = sourcecode.c.h; path = HomeViewController.h; sourceTree = "<group>"; };
		2AF07DF11A31F2C900544B5B /* HomeViewController.m */ = {isa = PBXFileReference; fileEncoding = 4; lastKnownFileType = sourcecode.c.objc; path = HomeViewController.m; sourceTree = "<group>"; };
		2AF8E2DF1A35B7C700ACA482 /* TestUser.h */ = {isa = PBXFileReference; fileEncoding = 4; lastKnownFileType = sourcecode.c.h; path = TestUser.h; sourceTree = "<group>"; };
		2AF8E2E01A35B7C700ACA482 /* TestUser.m */ = {isa = PBXFileReference; fileEncoding = 4; lastKnownFileType = sourcecode.c.objc; path = TestUser.m; sourceTree = "<group>"; };
		2AF8E2E21A35C0BD00ACA482 /* user1.jpg */ = {isa = PBXFileReference; lastKnownFileType = image.jpeg; path = user1.jpg; sourceTree = "<group>"; };
		8712E95859E1AA5FBCE41DC8 /* libPods.a */ = {isa = PBXFileReference; explicitFileType = archive.ar; includeInIndex = 0; path = libPods.a; sourceTree = BUILT_PRODUCTS_DIR; };
		E9D06BBD5510A15D0E163FEC /* Pods.release.xcconfig */ = {isa = PBXFileReference; includeInIndex = 1; lastKnownFileType = text.xcconfig; name = Pods.release.xcconfig; path = "Pods/Target Support Files/Pods/Pods.release.xcconfig"; sourceTree = "<group>"; };
		FA9E54CD1A2A159A00EA3646 /* Matched Up.app */ = {isa = PBXFileReference; explicitFileType = wrapper.application; includeInIndex = 0; path = "Matched Up.app"; sourceTree = BUILT_PRODUCTS_DIR; };
		FA9E54D11A2A159A00EA3646 /* Info.plist */ = {isa = PBXFileReference; lastKnownFileType = text.plist.xml; path = Info.plist; sourceTree = "<group>"; };
		FA9E54D21A2A159A00EA3646 /* main.m */ = {isa = PBXFileReference; lastKnownFileType = sourcecode.c.objc; path = main.m; sourceTree = "<group>"; };
		FA9E54D41A2A159A00EA3646 /* AppDelegate.h */ = {isa = PBXFileReference; lastKnownFileType = sourcecode.c.h; path = AppDelegate.h; sourceTree = "<group>"; };
		FA9E54D51A2A159A00EA3646 /* AppDelegate.m */ = {isa = PBXFileReference; lastKnownFileType = sourcecode.c.objc; path = AppDelegate.m; sourceTree = "<group>"; };
		FA9E54DE1A2A159A00EA3646 /* Base */ = {isa = PBXFileReference; lastKnownFileType = file.storyboard; name = Base; path = Base.lproj/Main.storyboard; sourceTree = "<group>"; };
		FA9E54E01A2A159A00EA3646 /* Images.xcassets */ = {isa = PBXFileReference; lastKnownFileType = folder.assetcatalog; path = Images.xcassets; sourceTree = "<group>"; };
		FA9E54E31A2A159A00EA3646 /* Base */ = {isa = PBXFileReference; lastKnownFileType = file.xib; name = Base; path = Base.lproj/LaunchScreen.xib; sourceTree = "<group>"; };
		FA9E54E91A2A159A00EA3646 /* Matched UpTests.xctest */ = {isa = PBXFileReference; explicitFileType = wrapper.cfbundle; includeInIndex = 0; path = "Matched UpTests.xctest"; sourceTree = BUILT_PRODUCTS_DIR; };
		FA9E54EE1A2A159A00EA3646 /* Info.plist */ = {isa = PBXFileReference; lastKnownFileType = text.plist.xml; path = Info.plist; sourceTree = "<group>"; };
		FA9E54EF1A2A159A00EA3646 /* Matched_UpTests.m */ = {isa = PBXFileReference; lastKnownFileType = sourcecode.c.objc; path = Matched_UpTests.m; sourceTree = "<group>"; };
		FA9E54F91A2A2DD700EA3646 /* LoginViewController.h */ = {isa = PBXFileReference; fileEncoding = 4; lastKnownFileType = sourcecode.c.h; path = LoginViewController.h; sourceTree = "<group>"; };
		FA9E54FA1A2A2DD700EA3646 /* LoginViewController.m */ = {isa = PBXFileReference; fileEncoding = 4; lastKnownFileType = sourcecode.c.objc; path = LoginViewController.m; sourceTree = "<group>"; };
		FA9E54FF1A2A444E00EA3646 /* Matched Up-PrefixHeader.pch */ = {isa = PBXFileReference; fileEncoding = 4; lastKnownFileType = sourcecode.c.h; path = "Matched Up-PrefixHeader.pch"; sourceTree = SOURCE_ROOT; };
/* End PBXFileReference section */

/* Begin PBXFrameworksBuildPhase section */
		FA9E54CA1A2A159A00EA3646 /* Frameworks */ = {
			isa = PBXFrameworksBuildPhase;
			buildActionMask = 2147483647;
			files = (
				CB4EEFD32F7BAF636A164103 /* libPods.a in Frameworks */,
			);
			runOnlyForDeploymentPostprocessing = 0;
		};
		FA9E54E61A2A159A00EA3646 /* Frameworks */ = {
			isa = PBXFrameworksBuildPhase;
			buildActionMask = 2147483647;
			files = (
			);
			runOnlyForDeploymentPostprocessing = 0;
		};
/* End PBXFrameworksBuildPhase section */

/* Begin PBXGroup section */
		2A0B3EE01A331BB1004E36DA /* Settings */ = {
			isa = PBXGroup;
			children = (
				2A0B3EDD1A331BAB004E36DA /* SettingsViewController.h */,
				2A0B3EDE1A331BAB004E36DA /* SettingsViewController.m */,
				2AE2BE2C1A51F07F009E5723 /* defaultPrefsFile.plist */,
			);
			name = Settings;
			sourceTree = "<group>";
		};
		2A0B3EE11A3326C8004E36DA /* EditProfile */ = {
			isa = PBXGroup;
			children = (
				2A0B3EE21A3326DF004E36DA /* EditProfileViewController.h */,
				2A0B3EE31A3326DF004E36DA /* EditProfileViewController.m */,
			);
			name = EditProfile;
			sourceTree = "<group>";
		};
		2A44CC5D1A534BA900157BCC /* 01_LoginScreen */ = {
			isa = PBXGroup;
			children = (
				2A44CC5E1A534BA900157BCC /* Facebook.png */,
				2A44CC5F1A534BA900157BCC /* Facebook@2x.png */,
				2A44CC601A534BA900157BCC /* Logo.png */,
				2A44CC611A534BA900157BCC /* Logo@2x.png */,
			);
			path = 01_LoginScreen;
			sourceTree = "<group>";
		};
		2A44CC661A534FB800157BCC /* 02_HomeScreen */ = {
			isa = PBXGroup;
			children = (
				2A44CC671A534FB800157BCC /* BG.png */,
				2A44CC681A534FB800157BCC /* BG@2x.png */,
				2A44CC691A534FB800157BCC /* ChatIcon.png */,
				2A44CC6A1A534FB800157BCC /* ChatIcon@2x.png */,
				2A44CC6B1A534FB800157BCC /* DislikeIcon.png */,
				2A44CC6C1A534FB800157BCC /* DislikeIcon@2x.png */,
				2A44CC6D1A534FB800157BCC /* InfoIcon.png */,
				2A44CC6E1A534FB800157BCC /* InfoIcon@2x.png */,
				2A44CC6F1A534FB800157BCC /* LikeIcon.png */,
				2A44CC701A534FB800157BCC /* LikeIcon@2x.png */,
				2A44CC711A534FB800157BCC /* Matched-Up.png */,
				2A44CC721A534FB800157BCC /* Matched-Up@2x.png */,
				2A44CC731A534FB800157BCC /* SettingIcon.png */,
				2A44CC741A534FB800157BCC /* SettingIcon@2x.png */,
				2A44CC751A534FB800157BCC /* Top_NavBG.png */,
				2A44CC761A534FB800157BCC /* Top_NavBG@2x.png */,
				2A44CC771A534FB800157BCC /* User_Image.png */,
				2A44CC781A534FB800157BCC /* User_Image@2x.png */,
				2A44CC791A534FB800157BCC /* VP_BG.png */,
				2A44CC7A1A534FB800157BCC /* VP_BG@2x.png */,
			);
			path = 02_HomeScreen;
			sourceTree = "<group>";
		};
		2A52485C1A3E3EBF00634802 /* Chat */ = {
			isa = PBXGroup;
			children = (
				2A0A50CB1A3EEEF900D7750C /* ChatViewController.h */,
				2A0A50CC1A3EEEF900D7750C /* ChatViewController.m */,
			);
			name = Chat;
			sourceTree = "<group>";
		};
		2A580D051A33764300AB2E74 /* Profile */ = {
			isa = PBXGroup;
			children = (
				2A580D061A33766800AB2E74 /* ProfileViewController.h */,
				2A580D071A33766800AB2E74 /* ProfileViewController.m */,
			);
			name = Profile;
			sourceTree = "<group>";
		};
		2A6CA1681A52DD5400364F1B /* Assets */ = {
			isa = PBXGroup;
			children = (
				2AAD662A1A559F0E00C26643 /* 06_Settings */,
				2AAD66111A55999100C26643 /* 04_ChatList */,
				2A93F0E31A54110000632382 /* 03_Profile */,
				2A44CC661A534FB800157BCC /* 02_HomeScreen */,
				2A44CC5D1A534BA900157BCC /* 01_LoginScreen */,
				2A6CA1A31A52E72F00364F1B /* Icon-60@2x.png */,
			);
			name = Assets;
			sourceTree = "<group>";
		};
		2A82AA041A3DEEE40059E956 /* Match */ = {
			isa = PBXGroup;
			children = (
				2A82AA051A3DEF0C0059E956 /* MatchViewController.h */,
				2A82AA061A3DEF0C0059E956 /* MatchViewController.m */,
			);
			name = Match;
			sourceTree = "<group>";
		};
		2A82AA081A3DFA050059E956 /* Matches */ = {
			isa = PBXGroup;
			children = (
				2A82AA091A3DFA2B0059E956 /* MatchesViewController.h */,
				2A82AA0A1A3DFA2B0059E956 /* MatchesViewController.m */,
			);
			name = Matches;
			sourceTree = "<group>";
		};
		2A93F0E31A54110000632382 /* 03_Profile */ = {
			isa = PBXGroup;
			children = (
				2A93F0E41A54110000632382 /* About_BG.png */,
				2A93F0E51A54110000632382 /* About_BG@2x.png */,
				2A93F0E61A54110000632382 /* AgeIcon.png */,
				2A93F0E71A54110000632382 /* AgeIcon@2x.png */,
				2A93F0F21A54110000632382 /* location.png */,
				2A93F0F31A54110000632382 /* location@2x.png */,
				2A93F0F41A54110000632382 /* NameAgeStatusBar.png */,
				2A93F0F51A54110000632382 /* NameAgeStatusBar@2x.png */,
				2A93F0F81A54110000632382 /* Single.png */,
				2A93F0F91A54110000632382 /* Single@2x.png */,
				2A93F0FA1A54110000632382 /* StatusIcon.png */,
				2A93F0FB1A54110000632382 /* StatusIcon@2x.png */,
				2A93F0FC1A54110000632382 /* UserImage.png */,
				2A93F0FD1A54110000632382 /* UserImage@2x.png */,
			);
			path = 03_Profile;
			sourceTree = "<group>";
		};
		2AAD66111A55999100C26643 /* 04_ChatList */ = {
			isa = PBXGroup;
			children = (
				2AAD66121A55999100C26643 /* back-icon.png */,
				2AAD66131A55999100C26643 /* back-icon@2x.png */,
				2AAD66161A55999100C26643 /* Chat_user.png */,
				2AAD66171A55999100C26643 /* Chat_user@2x.png */,
				2AAD66181A55999100C26643 /* menu-icon.png */,
				2AAD66191A55999100C26643 /* menu-icon@2x.png */,
			);
			path = 04_ChatList;
			sourceTree = "<group>";
		};
		2AAD662A1A559F0E00C26643 /* 06_Settings */ = {
			isa = PBXGroup;
			children = (
				2AAD662F1A559F0E00C26643 /* EditProfile.png */,
				2AAD66301A559F0E00C26643 /* EditProfile@2x.png */,
				2AAD66311A559F0E00C26643 /* Logout.png */,
				2AAD66321A559F0E00C26643 /* Logout@2x.png */,
			);
			path = 06_Settings;
			sourceTree = "<group>";
		};
		2AF07DF31A31F2F300544B5B /* Login */ = {
			isa = PBXGroup;
			children = (
				FA9E54F91A2A2DD700EA3646 /* LoginViewController.h */,
				FA9E54FA1A2A2DD700EA3646 /* LoginViewController.m */,
			);
			name = Login;
			sourceTree = "<group>";
		};
		2AF07DF41A31F30900544B5B /* Home */ = {
			isa = PBXGroup;
			children = (
				2AF07DF01A31F2C900544B5B /* HomeViewController.h */,
				2AF07DF11A31F2C900544B5B /* HomeViewController.m */,
			);
			name = Home;
			sourceTree = "<group>";
		};
		56DE92D56BDB0FFDB6BF60FF /* Pods */ = {
			isa = PBXGroup;
			children = (
				177E5E360903F2679CE4BEAE /* Pods.debug.xcconfig */,
				E9D06BBD5510A15D0E163FEC /* Pods.release.xcconfig */,
			);
			name = Pods;
			sourceTree = "<group>";
		};
		F279BEE0F77E166C8FA54F51 /* Frameworks */ = {
			isa = PBXGroup;
			children = (
				8712E95859E1AA5FBCE41DC8 /* libPods.a */,
			);
			name = Frameworks;
			sourceTree = "<group>";
		};
		FA9E54C41A2A159A00EA3646 = {
			isa = PBXGroup;
			children = (
				FA9E54CF1A2A159A00EA3646 /* Matched Up */,
				FA9E54EC1A2A159A00EA3646 /* Matched UpTests */,
				FA9E54CE1A2A159A00EA3646 /* Products */,
				56DE92D56BDB0FFDB6BF60FF /* Pods */,
				F279BEE0F77E166C8FA54F51 /* Frameworks */,
			);
			sourceTree = "<group>";
		};
		FA9E54CE1A2A159A00EA3646 /* Products */ = {
			isa = PBXGroup;
			children = (
				FA9E54CD1A2A159A00EA3646 /* Matched Up.app */,
				FA9E54E91A2A159A00EA3646 /* Matched UpTests.xctest */,
			);
			name = Products;
			sourceTree = "<group>";
		};
		FA9E54CF1A2A159A00EA3646 /* Matched Up */ = {
			isa = PBXGroup;
			children = (
				FA9E54FC1A2A2E1500EA3646 /* Views */,
				FA9E54FD1A2A2E2000EA3646 /* ViewControllers */,
				FA9E54FE1A2A2E4900EA3646 /* Models */,
				FA9E54D41A2A159A00EA3646 /* AppDelegate.h */,
				FA9E54D51A2A159A00EA3646 /* AppDelegate.m */,
				FA9E54E01A2A159A00EA3646 /* Images.xcassets */,
				FA9E54D01A2A159A00EA3646 /* Supporting Files */,
			);
			path = "Matched Up";
			sourceTree = "<group>";
		};
		FA9E54D01A2A159A00EA3646 /* Supporting Files */ = {
			isa = PBXGroup;
			children = (
				2A6CA1681A52DD5400364F1B /* Assets */,
				2AF8E2E21A35C0BD00ACA482 /* user1.jpg */,
				2A580D091A33774500AB2E74 /* user.png */,
				FA9E54FF1A2A444E00EA3646 /* Matched Up-PrefixHeader.pch */,
				FA9E54D11A2A159A00EA3646 /* Info.plist */,
				FA9E54D21A2A159A00EA3646 /* main.m */,
				2A9DC4611A2E0B6400C39E7A /* Constants.h */,
				2A9DC4621A2E0B6400C39E7A /* Constants.m */,
			);
			name = "Supporting Files";
			sourceTree = "<group>";
		};
		FA9E54EC1A2A159A00EA3646 /* Matched UpTests */ = {
			isa = PBXGroup;
			children = (
				FA9E54EF1A2A159A00EA3646 /* Matched_UpTests.m */,
				FA9E54ED1A2A159A00EA3646 /* Supporting Files */,
			);
			path = "Matched UpTests";
			sourceTree = "<group>";
		};
		FA9E54ED1A2A159A00EA3646 /* Supporting Files */ = {
			isa = PBXGroup;
			children = (
				FA9E54EE1A2A159A00EA3646 /* Info.plist */,
			);
			name = "Supporting Files";
			sourceTree = "<group>";
		};
		FA9E54FC1A2A2E1500EA3646 /* Views */ = {
			isa = PBXGroup;
			children = (
				FA9E54DD1A2A159A00EA3646 /* Main.storyboard */,
				FA9E54E21A2A159A00EA3646 /* LaunchScreen.xib */,
			);
			name = Views;
			sourceTree = "<group>";
		};
		FA9E54FD1A2A2E2000EA3646 /* ViewControllers */ = {
			isa = PBXGroup;
			children = (
				2A52485C1A3E3EBF00634802 /* Chat */,
				2A82AA081A3DFA050059E956 /* Matches */,
				2A82AA041A3DEEE40059E956 /* Match */,
				2A580D051A33764300AB2E74 /* Profile */,
				2AF07DF31A31F2F300544B5B /* Login */,
				2AF07DF41A31F30900544B5B /* Home */,
				2A0B3EE01A331BB1004E36DA /* Settings */,
				2A0B3EE11A3326C8004E36DA /* EditProfile */,
			);
			name = ViewControllers;
			sourceTree = "<group>";
		};
		FA9E54FE1A2A2E4900EA3646 /* Models */ = {
			isa = PBXGroup;
			children = (
				2AF8E2DF1A35B7C700ACA482 /* TestUser.h */,
				2AF8E2E01A35B7C700ACA482 /* TestUser.m */,
			);
			name = Models;
			sourceTree = "<group>";
		};
/* End PBXGroup section */

/* Begin PBXNativeTarget section */
		FA9E54CC1A2A159A00EA3646 /* Matched Up */ = {
			isa = PBXNativeTarget;
			buildConfigurationList = FA9E54F31A2A159A00EA3646 /* Build configuration list for PBXNativeTarget "Matched Up" */;
			buildPhases = (
				69DF0A5566375CE52B60214B /* Check Pods Manifest.lock */,
				FA9E54C91A2A159A00EA3646 /* Sources */,
				FA9E54CA1A2A159A00EA3646 /* Frameworks */,
				FA9E54CB1A2A159A00EA3646 /* Resources */,
				99EB2251DA77B9D4FBC8F949 /* Copy Pods Resources */,
			);
			buildRules = (
			);
			dependencies = (
			);
			name = "Matched Up";
			productName = "Matched Up";
			productReference = FA9E54CD1A2A159A00EA3646 /* Matched Up.app */;
			productType = "com.apple.product-type.application";
		};
		FA9E54E81A2A159A00EA3646 /* Matched UpTests */ = {
			isa = PBXNativeTarget;
			buildConfigurationList = FA9E54F61A2A159A00EA3646 /* Build configuration list for PBXNativeTarget "Matched UpTests" */;
			buildPhases = (
				FA9E54E51A2A159A00EA3646 /* Sources */,
				FA9E54E61A2A159A00EA3646 /* Frameworks */,
				FA9E54E71A2A159A00EA3646 /* Resources */,
			);
			buildRules = (
			);
			dependencies = (
				FA9E54EB1A2A159A00EA3646 /* PBXTargetDependency */,
			);
			name = "Matched UpTests";
			productName = "Matched UpTests";
			productReference = FA9E54E91A2A159A00EA3646 /* Matched UpTests.xctest */;
			productType = "com.apple.product-type.bundle.unit-test";
		};
/* End PBXNativeTarget section */

/* Begin PBXProject section */
		FA9E54C51A2A159A00EA3646 /* Project object */ = {
			isa = PBXProject;
			attributes = {
				LastUpgradeCheck = 0610;
				ORGANIZATIONNAME = "Eray Diler";
				TargetAttributes = {
					FA9E54CC1A2A159A00EA3646 = {
						CreatedOnToolsVersion = 6.1;
					};
					FA9E54E81A2A159A00EA3646 = {
						CreatedOnToolsVersion = 6.1;
						TestTargetID = FA9E54CC1A2A159A00EA3646;
					};
				};
			};
			buildConfigurationList = FA9E54C81A2A159A00EA3646 /* Build configuration list for PBXProject "Matched Up" */;
			compatibilityVersion = "Xcode 3.2";
			developmentRegion = English;
			hasScannedForEncodings = 0;
			knownRegions = (
				en,
				Base,
				de,
				es,
				fr,
				he,
				it,
				nl,
				pl,
				pt,
				ro,
				ru,
				tr,
				"zh-Hans",
				"zh-Hant",
			);
			mainGroup = FA9E54C41A2A159A00EA3646;
			productRefGroup = FA9E54CE1A2A159A00EA3646 /* Products */;
			projectDirPath = "";
			projectRoot = "";
			targets = (
				FA9E54CC1A2A159A00EA3646 /* Matched Up */,
				FA9E54E81A2A159A00EA3646 /* Matched UpTests */,
			);
		};
/* End PBXProject section */

/* Begin PBXResourcesBuildPhase section */
		FA9E54CB1A2A159A00EA3646 /* Resources */ = {
			isa = PBXResourcesBuildPhase;
			buildActionMask = 2147483647;
			files = (
				2A44CC8A1A534FB800157BCC /* Top_NavBG@2x.png in Resources */,
				2A44CC7F1A534FB800157BCC /* DislikeIcon.png in Resources */,
				2A93F1001A54110000632382 /* About_BG.png in Resources */,
				FA9E54DF1A2A159A00EA3646 /* Main.storyboard in Resources */,
				2A44CC801A534FB800157BCC /* DislikeIcon@2x.png in Resources */,
				2A44CC851A534FB800157BCC /* Matched-Up.png in Resources */,
				2AAD66231A55999100C26643 /* Chat_user@2x.png in Resources */,
				2AAD66251A55999100C26643 /* menu-icon@2x.png in Resources */,
				2A44CC891A534FB800157BCC /* Top_NavBG.png in Resources */,
				2A93F1031A54110000632382 /* AgeIcon@2x.png in Resources */,
				2A44CC8D1A534FB800157BCC /* VP_BG.png in Resources */,
				2A44CC651A534BA900157BCC /* Logo@2x.png in Resources */,
				2AAD663E1A559F0E00C26643 /* EditProfile@2x.png in Resources */,
				2AAD66221A55999100C26643 /* Chat_user.png in Resources */,
				2A44CC7B1A534FB800157BCC /* BG.png in Resources */,
				2A44CC831A534FB800157BCC /* LikeIcon.png in Resources */,
				2A44CC821A534FB800157BCC /* InfoIcon@2x.png in Resources */,
				2AAD661E1A55999100C26643 /* back-icon.png in Resources */,
				2A44CC631A534BA900157BCC /* Facebook@2x.png in Resources */,
				2AAD663F1A559F0E00C26643 /* Logout.png in Resources */,
				2A44CC641A534BA900157BCC /* Logo.png in Resources */,
				2AAD661F1A55999100C26643 /* back-icon@2x.png in Resources */,
				2A44CC8C1A534FB800157BCC /* User_Image@2x.png in Resources */,
				2AAD66401A559F0E00C26643 /* Logout@2x.png in Resources */,
				2A44CC621A534BA900157BCC /* Facebook.png in Resources */,
				2A93F1171A54110000632382 /* StatusIcon@2x.png in Resources */,
				2A93F1191A54110000632382 /* UserImage@2x.png in Resources */,
				2A44CC811A534FB800157BCC /* InfoIcon.png in Resources */,
				2A93F10E1A54110000632382 /* location.png in Resources */,
				2A93F1161A54110000632382 /* StatusIcon.png in Resources */,
				2A44CC8B1A534FB800157BCC /* User_Image.png in Resources */,
				FA9E54E41A2A159A00EA3646 /* LaunchScreen.xib in Resources */,
				FA9E54E11A2A159A00EA3646 /* Images.xcassets in Resources */,
				2A44CC7D1A534FB800157BCC /* ChatIcon.png in Resources */,
				2A93F1181A54110000632382 /* UserImage.png in Resources */,
				2A93F1151A54110000632382 /* Single@2x.png in Resources */,
				2A6CA1A41A52E72F00364F1B /* Icon-60@2x.png in Resources */,
				2A44CC7E1A534FB800157BCC /* ChatIcon@2x.png in Resources */,
				2A93F10F1A54110000632382 /* location@2x.png in Resources */,
				2A44CC871A534FB800157BCC /* SettingIcon.png in Resources */,
				2A44CC841A534FB800157BCC /* LikeIcon@2x.png in Resources */,
				2A44CC7C1A534FB800157BCC /* BG@2x.png in Resources */,
				2AE2BE2D1A51F07F009E5723 /* defaultPrefsFile.plist in Resources */,
				2AF8E2E31A35C0BD00ACA482 /* user1.jpg in Resources */,
				2A93F1011A54110000632382 /* About_BG@2x.png in Resources */,
				2AAD66241A55999100C26643 /* menu-icon.png in Resources */,
				2A44CC861A534FB800157BCC /* Matched-Up@2x.png in Resources */,
				2A93F1111A54110000632382 /* NameAgeStatusBar@2x.png in Resources */,
				2AAD663D1A559F0E00C26643 /* EditProfile.png in Resources */,
				2A93F1021A54110000632382 /* AgeIcon.png in Resources */,
				2A44CC881A534FB800157BCC /* SettingIcon@2x.png in Resources */,
				2A44CC8E1A534FB800157BCC /* VP_BG@2x.png in Resources */,
				2A93F1101A54110000632382 /* NameAgeStatusBar.png in Resources */,
				2A580D0A1A33774500AB2E74 /* user.png in Resources */,
				2A93F1141A54110000632382 /* Single.png in Resources */,
			);
			runOnlyForDeploymentPostprocessing = 0;
		};
		FA9E54E71A2A159A00EA3646 /* Resources */ = {
			isa = PBXResourcesBuildPhase;
			buildActionMask = 2147483647;
			files = (
			);
			runOnlyForDeploymentPostprocessing = 0;
		};
/* End PBXResourcesBuildPhase section */

/* Begin PBXShellScriptBuildPhase section */
		69DF0A5566375CE52B60214B /* Check Pods Manifest.lock */ = {
			isa = PBXShellScriptBuildPhase;
			buildActionMask = 2147483647;
			files = (
			);
			inputPaths = (
			);
			name = "Check Pods Manifest.lock";
			outputPaths = (
			);
			runOnlyForDeploymentPostprocessing = 0;
			shellPath = /bin/sh;
			shellScript = "diff \"${PODS_ROOT}/../Podfile.lock\" \"${PODS_ROOT}/Manifest.lock\" > /dev/null\nif [[ $? != 0 ]] ; then\n    cat << EOM\nerror: The sandbox is not in sync with the Podfile.lock. Run 'pod install' or update your CocoaPods installation.\nEOM\n    exit 1\nfi\n";
			showEnvVarsInLog = 0;
		};
		99EB2251DA77B9D4FBC8F949 /* Copy Pods Resources */ = {
			isa = PBXShellScriptBuildPhase;
			buildActionMask = 2147483647;
			files = (
			);
			inputPaths = (
			);
			name = "Copy Pods Resources";
			outputPaths = (
			);
			runOnlyForDeploymentPostprocessing = 0;
			shellPath = /bin/sh;
			shellScript = "\"${SRCROOT}/Pods/Target Support Files/Pods/Pods-resources.sh\"\n";
			showEnvVarsInLog = 0;
		};
/* End PBXShellScriptBuildPhase section */

/* Begin PBXSourcesBuildPhase section */
		FA9E54C91A2A159A00EA3646 /* Sources */ = {
			isa = PBXSourcesBuildPhase;
			buildActionMask = 2147483647;
			files = (
				FA9E54D61A2A159A00EA3646 /* AppDelegate.m in Sources */,
				2A82AA0B1A3DFA2B0059E956 /* MatchesViewController.m in Sources */,
				2A0A50CD1A3EEEF900D7750C /* ChatViewController.m in Sources */,
				FA9E54D31A2A159A00EA3646 /* main.m in Sources */,
				2A580D081A33766800AB2E74 /* ProfileViewController.m in Sources */,
				2A0B3EE41A3326DF004E36DA /* EditProfileViewController.m in Sources */,
				2AF8E2E11A35B7C700ACA482 /* TestUser.m in Sources */,
				FA9E54FB1A2A2DD700EA3646 /* LoginViewController.m in Sources */,
				2A0B3EDF1A331BAB004E36DA /* SettingsViewController.m in Sources */,
				2AF07DF21A31F2C900544B5B /* HomeViewController.m in Sources */,
				2A82AA071A3DEF0C0059E956 /* MatchViewController.m in Sources */,
				2A9DC4631A2E0B6400C39E7A /* Constants.m in Sources */,
			);
			runOnlyForDeploymentPostprocessing = 0;
		};
		FA9E54E51A2A159A00EA3646 /* Sources */ = {
			isa = PBXSourcesBuildPhase;
			buildActionMask = 2147483647;
			files = (
				FA9E54F01A2A159A00EA3646 /* Matched_UpTests.m in Sources */,
			);
			runOnlyForDeploymentPostprocessing = 0;
		};
/* End PBXSourcesBuildPhase section */

/* Begin PBXTargetDependency section */
		FA9E54EB1A2A159A00EA3646 /* PBXTargetDependency */ = {
			isa = PBXTargetDependency;
			target = FA9E54CC1A2A159A00EA3646 /* Matched Up */;
			targetProxy = FA9E54EA1A2A159A00EA3646 /* PBXContainerItemProxy */;
		};
/* End PBXTargetDependency section */

/* Begin PBXVariantGroup section */
		FA9E54DD1A2A159A00EA3646 /* Main.storyboard */ = {
			isa = PBXVariantGroup;
			children = (
				FA9E54DE1A2A159A00EA3646 /* Base */,
			);
			name = Main.storyboard;
			sourceTree = "<group>";
		};
		FA9E54E21A2A159A00EA3646 /* LaunchScreen.xib */ = {
			isa = PBXVariantGroup;
			children = (
				FA9E54E31A2A159A00EA3646 /* Base */,
			);
			name = LaunchScreen.xib;
			sourceTree = "<group>";
		};
/* End PBXVariantGroup section */

/* Begin XCBuildConfiguration section */
		FA9E54F11A2A159A00EA3646 /* Debug */ = {
			isa = XCBuildConfiguration;
			buildSettings = {
				ALWAYS_SEARCH_USER_PATHS = NO;
				CLANG_CXX_LANGUAGE_STANDARD = "gnu++0x";
				CLANG_CXX_LIBRARY = "libc++";
				CLANG_ENABLE_MODULES = YES;
				CLANG_ENABLE_OBJC_ARC = YES;
				CLANG_WARN_BOOL_CONVERSION = YES;
				CLANG_WARN_CONSTANT_CONVERSION = YES;
				CLANG_WARN_DIRECT_OBJC_ISA_USAGE = YES_ERROR;
				CLANG_WARN_EMPTY_BODY = YES;
				CLANG_WARN_ENUM_CONVERSION = YES;
				CLANG_WARN_INT_CONVERSION = YES;
				CLANG_WARN_OBJC_ROOT_CLASS = YES_ERROR;
				CLANG_WARN_UNREACHABLE_CODE = YES;
				CLANG_WARN__DUPLICATE_METHOD_MATCH = YES;
				"CODE_SIGN_IDENTITY[sdk=iphoneos*]" = "iPhone Developer";
				COPY_PHASE_STRIP = NO;
				ENABLE_STRICT_OBJC_MSGSEND = YES;
				GCC_C_LANGUAGE_STANDARD = gnu99;
				GCC_DYNAMIC_NO_PIC = NO;
				GCC_OPTIMIZATION_LEVEL = 0;
				GCC_PREPROCESSOR_DEFINITIONS = (
					"DEBUG=1",
					"$(inherited)",
				);
				GCC_SYMBOLS_PRIVATE_EXTERN = NO;
				GCC_WARN_64_TO_32_BIT_CONVERSION = YES;
				GCC_WARN_ABOUT_RETURN_TYPE = YES_ERROR;
				GCC_WARN_UNDECLARED_SELECTOR = YES;
				GCC_WARN_UNINITIALIZED_AUTOS = YES_AGGRESSIVE;
				GCC_WARN_UNUSED_FUNCTION = YES;
				GCC_WARN_UNUSED_VARIABLE = YES;
				IPHONEOS_DEPLOYMENT_TARGET = 8.1;
				MTL_ENABLE_DEBUG_INFO = YES;
				ONLY_ACTIVE_ARCH = YES;
				SDKROOT = iphoneos;
			};
			name = Debug;
		};
		FA9E54F21A2A159A00EA3646 /* Release */ = {
			isa = XCBuildConfiguration;
			buildSettings = {
				ALWAYS_SEARCH_USER_PATHS = NO;
				CLANG_CXX_LANGUAGE_STANDARD = "gnu++0x";
				CLANG_CXX_LIBRARY = "libc++";
				CLANG_ENABLE_MODULES = YES;
				CLANG_ENABLE_OBJC_ARC = YES;
				CLANG_WARN_BOOL_CONVERSION = YES;
				CLANG_WARN_CONSTANT_CONVERSION = YES;
				CLANG_WARN_DIRECT_OBJC_ISA_USAGE = YES_ERROR;
				CLANG_WARN_EMPTY_BODY = YES;
				CLANG_WARN_ENUM_CONVERSION = YES;
				CLANG_WARN_INT_CONVERSION = YES;
				CLANG_WARN_OBJC_ROOT_CLASS = YES_ERROR;
				CLANG_WARN_UNREACHABLE_CODE = YES;
				CLANG_WARN__DUPLICATE_METHOD_MATCH = YES;
				"CODE_SIGN_IDENTITY[sdk=iphoneos*]" = "iPhone Developer";
				COPY_PHASE_STRIP = YES;
				ENABLE_NS_ASSERTIONS = NO;
				ENABLE_STRICT_OBJC_MSGSEND = YES;
				GCC_C_LANGUAGE_STANDARD = gnu99;
				GCC_WARN_64_TO_32_BIT_CONVERSION = YES;
				GCC_WARN_ABOUT_RETURN_TYPE = YES_ERROR;
				GCC_WARN_UNDECLARED_SELECTOR = YES;
				GCC_WARN_UNINITIALIZED_AUTOS = YES_AGGRESSIVE;
				GCC_WARN_UNUSED_FUNCTION = YES;
				GCC_WARN_UNUSED_VARIABLE = YES;
				IPHONEOS_DEPLOYMENT_TARGET = 8.1;
				MTL_ENABLE_DEBUG_INFO = NO;
				SDKROOT = iphoneos;
				VALIDATE_PRODUCT = YES;
			};
			name = Release;
		};
		FA9E54F41A2A159A00EA3646 /* Debug */ = {
			isa = XCBuildConfiguration;
			baseConfigurationReference = 177E5E360903F2679CE4BEAE /* Pods.debug.xcconfig */;
			buildSettings = {
				ASSETCATALOG_COMPILER_APPICON_NAME = AppIcon;
				FRAMEWORK_SEARCH_PATHS = (
					"$(inherited)",
					"$(PROJECT_DIR)/Pods",
				);
				GCC_PREFIX_HEADER = "Matched Up-PrefixHeader.pch";
				INFOPLIST_FILE = "Matched Up/Info.plist";
				LD_RUNPATH_SEARCH_PATHS = "$(inherited) @executable_path/Frameworks";
				PRODUCT_NAME = "$(TARGET_NAME)";
			};
			name = Debug;
		};
		FA9E54F51A2A159A00EA3646 /* Release */ = {
			isa = XCBuildConfiguration;
			baseConfigurationReference = E9D06BBD5510A15D0E163FEC /* Pods.release.xcconfig */;
			buildSettings = {
				ASSETCATALOG_COMPILER_APPICON_NAME = AppIcon;
				FRAMEWORK_SEARCH_PATHS = (
					"$(inherited)",
					"$(PROJECT_DIR)/Pods",
				);
				GCC_PREFIX_HEADER = "Matched Up-PrefixHeader.pch";
				INFOPLIST_FILE = "Matched Up/Info.plist";
				LD_RUNPATH_SEARCH_PATHS = "$(inherited) @executable_path/Frameworks";
				PRODUCT_NAME = "$(TARGET_NAME)";
			};
			name = Release;
		};
		FA9E54F71A2A159A00EA3646 /* Debug */ = {
			isa = XCBuildConfiguration;
			buildSettings = {
				BUNDLE_LOADER = "$(TEST_HOST)";
				FRAMEWORK_SEARCH_PATHS = (
					"$(SDKROOT)/Developer/Library/Frameworks",
					"$(inherited)",
				);
				GCC_PREPROCESSOR_DEFINITIONS = (
					"DEBUG=1",
					"$(inherited)",
				);
				INFOPLIST_FILE = "Matched UpTests/Info.plist";
				LD_RUNPATH_SEARCH_PATHS = "$(inherited) @executable_path/Frameworks @loader_path/Frameworks";
				PRODUCT_NAME = "$(TARGET_NAME)";
				TEST_HOST = "$(BUILT_PRODUCTS_DIR)/Matched Up.app/Matched Up";
			};
			name = Debug;
		};
		FA9E54F81A2A159A00EA3646 /* Release */ = {
			isa = XCBuildConfiguration;
			buildSettings = {
				BUNDLE_LOADER = "$(TEST_HOST)";
				FRAMEWORK_SEARCH_PATHS = (
					"$(SDKROOT)/Developer/Library/Frameworks",
					"$(inherited)",
				);
				INFOPLIST_FILE = "Matched UpTests/Info.plist";
				LD_RUNPATH_SEARCH_PATHS = "$(inherited) @executable_path/Frameworks @loader_path/Frameworks";
				PRODUCT_NAME = "$(TARGET_NAME)";
				TEST_HOST = "$(BUILT_PRODUCTS_DIR)/Matched Up.app/Matched Up";
			};
			name = Release;
		};
/* End XCBuildConfiguration section */

/* Begin XCConfigurationList section */
		FA9E54C81A2A159A00EA3646 /* Build configuration list for PBXProject "Matched Up" */ = {
			isa = XCConfigurationList;
			buildConfigurations = (
				FA9E54F11A2A159A00EA3646 /* Debug */,
				FA9E54F21A2A159A00EA3646 /* Release */,
			);
			defaultConfigurationIsVisible = 0;
			defaultConfigurationName = Release;
		};
		FA9E54F31A2A159A00EA3646 /* Build configuration list for PBXNativeTarget "Matched Up" */ = {
			isa = XCConfigurationList;
			buildConfigurations = (
				FA9E54F41A2A159A00EA3646 /* Debug */,
				FA9E54F51A2A159A00EA3646 /* Release */,
			);
			defaultConfigurationIsVisible = 0;
			defaultConfigurationName = Release;
		};
		FA9E54F61A2A159A00EA3646 /* Build configuration list for PBXNativeTarget "Matched UpTests" */ = {
			isa = XCConfigurationList;
			buildConfigurations = (
				FA9E54F71A2A159A00EA3646 /* Debug */,
				FA9E54F81A2A159A00EA3646 /* Release */,
			);
			defaultConfigurationIsVisible = 0;
			defaultConfigurationName = Release;
		};
/* End XCConfigurationList section */
	};
	rootObject = FA9E54C51A2A159A00EA3646 /* Project object */;
}
